{
  "pins" : [
    {
      "identity" : "snapkit?ysclid=lm6l208uyy821271362",
      "kind" : "remoteSourceControl",
      "location" : "https://github.com/SnapKit/SnapKit?ysclid=lm6l208uyy821271362",
      "state" : {
        "revision" : "f222cbdf325885926566172f6f5f06af95473158",
        "version" : "5.6.0"
      }
    }
  ],
  "version" : 2
}
